
Microsoft Visual Studio Solution File, Format Version 12.00
# Visual Studio Version 17
VisualStudioVersion = 17.12.35707.178
MinimumVisualStudioVersion = 10.0.40219.1
Project("{FAE04EC0-301F-11D3-BF4B-00C04F79EFBC}") = "Soft", "Soft\Soft.csproj", "{56FC94CB-DB61-446B-883B-46DBC0A88812}"
EndProject
Project("{FAE04EC0-301F-11D3-BF4B-00C04F79EFBC}") = "Domain", "Domain\Domain.csproj", "{E808CDA5-3030-411C-9AF6-29FD1F804FA4}"
EndProject
Project("{FAE04EC0-301F-11D3-BF4B-00C04F79EFBC}") = "Facade", "Facade\Facade.csproj", "{E0FCD059-42D2-444C-9F5C-8AD4FDCD68D2}"
EndProject
Project("{FAE04EC0-301F-11D3-BF4B-00C04F79EFBC}") = "Data", "Data\Data.csproj", "{5ABD95F6-2CC3-4C27-96D5-3F279791A753}"
EndProject
Project("{FAE04EC0-301F-11D3-BF4B-00C04F79EFBC}") = "Infra", "Infra\Infra.csproj", "{BCEC2DBB-9924-4356-AD2E-345822BB8F47}"
EndProject
Project("{FAE04EC0-301F-11D3-BF4B-00C04F79EFBC}") = "Aids", "Aids\Aids.csproj", "{7B773AA6-249C-40C3-854D-054912DCABE3}"
EndProject
Project("{FAE04EC0-301F-11D3-BF4B-00C04F79EFBC}") = "Core", "Core\Core.csproj", "{E107A440-F5E0-4B8D-916F-5C2ECA235C64}"
EndProject
Project("{FAE04EC0-301F-11D3-BF4B-00C04F79EFBC}") = "Tests", "Tests\Tests.csproj", "{85092D77-1008-435D-974B-C94C7ADD763E}"
EndProject
Global
	GlobalSection(SolutionConfigurationPlatforms) = preSolution
		Debug|Any CPU = Debug|Any CPU
		Release|Any CPU = Release|Any CPU
	EndGlobalSection
	GlobalSection(ProjectConfigurationPlatforms) = postSolution
		{56FC94CB-DB61-446B-883B-46DBC0A88812}.Debug|Any CPU.ActiveCfg = Debug|Any CPU
		{56FC94CB-DB61-446B-883B-46DBC0A88812}.Debug|Any CPU.Build.0 = Debug|Any CPU
		{56FC94CB-DB61-446B-883B-46DBC0A88812}.Release|Any CPU.ActiveCfg = Release|Any CPU
		{56FC94CB-DB61-446B-883B-46DBC0A88812}.Release|Any CPU.Build.0 = Release|Any CPU
		{E808CDA5-3030-411C-9AF6-29FD1F804FA4}.Debug|Any CPU.ActiveCfg = Debug|Any CPU
		{E808CDA5-3030-411C-9AF6-29FD1F804FA4}.Debug|Any CPU.Build.0 = Debug|Any CPU
		{E808CDA5-3030-411C-9AF6-29FD1F804FA4}.Release|Any CPU.ActiveCfg = Release|Any CPU
		{E808CDA5-3030-411C-9AF6-29FD1F804FA4}.Release|Any CPU.Build.0 = Release|Any CPU
		{E0FCD059-42D2-444C-9F5C-8AD4FDCD68D2}.Debug|Any CPU.ActiveCfg = Debug|Any CPU
		{E0FCD059-42D2-444C-9F5C-8AD4FDCD68D2}.Debug|Any CPU.Build.0 = Debug|Any CPU
		{E0FCD059-42D2-444C-9F5C-8AD4FDCD68D2}.Release|Any CPU.ActiveCfg = Release|Any CPU
		{E0FCD059-42D2-444C-9F5C-8AD4FDCD68D2}.Release|Any CPU.Build.0 = Release|Any CPU
		{5ABD95F6-2CC3-4C27-96D5-3F279791A753}.Debug|Any CPU.ActiveCfg = Debug|Any CPU
		{5ABD95F6-2CC3-4C27-96D5-3F279791A753}.Debug|Any CPU.Build.0 = Debug|Any CPU
		{5ABD95F6-2CC3-4C27-96D5-3F279791A753}.Release|Any CPU.ActiveCfg = Release|Any CPU
		{5ABD95F6-2CC3-4C27-96D5-3F279791A753}.Release|Any CPU.Build.0 = Release|Any CPU
		{BCEC2DBB-9924-4356-AD2E-345822BB8F47}.Debug|Any CPU.ActiveCfg = Debug|Any CPU
		{BCEC2DBB-9924-4356-AD2E-345822BB8F47}.Debug|Any CPU.Build.0 = Debug|Any CPU
		{BCEC2DBB-9924-4356-AD2E-345822BB8F47}.Release|Any CPU.ActiveCfg = Release|Any CPU
		{BCEC2DBB-9924-4356-AD2E-345822BB8F47}.Release|Any CPU.Build.0 = Release|Any CPU
		{7B773AA6-249C-40C3-854D-054912DCABE3}.Debug|Any CPU.ActiveCfg = Debug|Any CPU
		{7B773AA6-249C-40C3-854D-054912DCABE3}.Debug|Any CPU.Build.0 = Debug|Any CPU
		{7B773AA6-249C-40C3-854D-054912DCABE3}.Release|Any CPU.ActiveCfg = Release|Any CPU
		{7B773AA6-249C-40C3-854D-054912DCABE3}.Release|Any CPU.Build.0 = Release|Any CPU
		{E107A440-F5E0-4B8D-916F-5C2ECA235C64}.Debug|Any CPU.ActiveCfg = Debug|Any CPU
		{E107A440-F5E0-4B8D-916F-5C2ECA235C64}.Debug|Any CPU.Build.0 = Debug|Any CPU
		{E107A440-F5E0-4B8D-916F-5C2ECA235C64}.Release|Any CPU.ActiveCfg = Release|Any CPU
		{E107A440-F5E0-4B8D-916F-5C2ECA235C64}.Release|Any CPU.Build.0 = Release|Any CPU
		{85092D77-1008-435D-974B-C94C7ADD763E}.Debug|Any CPU.ActiveCfg = Debug|Any CPU
		{85092D77-1008-435D-974B-C94C7ADD763E}.Debug|Any CPU.Build.0 = Debug|Any CPU
		{85092D77-1008-435D-974B-C94C7ADD763E}.Release|Any CPU.ActiveCfg = Release|Any CPU
		{85092D77-1008-435D-974B-C94C7ADD763E}.Release|Any CPU.Build.0 = Release|Any CPU
	EndGlobalSection
	GlobalSection(SolutionProperties) = preSolution
		HideSolutionNode = FALSE
	EndGlobalSection
	GlobalSection(ExtensibilityGlobals) = postSolution
		SolutionGuid = {C79D30D0-D5E6-47D7-8821-D5FB82820502}
	EndGlobalSection
EndGlobal
